PODS:
  - google-cast-sdk (4.8.3):
    - Protobuf (~> 3.13)
  - Protobuf (3.29.2)

DEPENDENCIES:
  - google-cast-sdk (~> 4.8.1)

SPEC REPOS:
  trunk:
    - google-cast-sdk
    - Protobuf

SPEC CHECKSUMS:
  google-cast-sdk: 1fb6724e94cc5ff23b359176e0cf6360586bb97a
  Protobuf: ba5d83b2201386fec27d484c099cac510ea5c169

PODFILE CHECKSUM: 4c70c6e2e62e0d1adca5fc875d14c7cb8303a8f1

COCOAPODS: 1.16.2
