// !$*UTF8*$!
{
	archiveVersion = 1;
	classes = {
	};
	objectVersion = 56;
	objects = {

/* Begin PBXBuildFile section */
		5F0FD3B3163956D2BDDEE0F0 /* Pods_SlidesCast.framework in Frameworks */ = {isa = PBXBuildFile; fileRef = 616F4208A1693699F6812707 /* Pods_SlidesCast.framework */; };
		762467692D10AC7100E531BD /* LocalServerManager.swift in Sources */ = {isa = PBXBuildFile; fileRef = 762467682D10AC6B00E531BD /* LocalServerManager.swift */; };
		7624676C2D10B68F00E531BD /* GCDWebServer in Frameworks */ = {isa = PBXBuildFile; productRef = 7624676B2D10B68F00E531BD /* GCDWebServer */; };
		767C24812D15D03E00AF40D5 /* ImageDirectoryManager.swift in Sources */ = {isa = PBXBuildFile; fileRef = 767C24802D15CFF800AF40D5 /* ImageDirectoryManager.swift */; };
		767C24872D20C96000AF40D5 /* PhotoGalleryViewModel.swift in Sources */ = {isa = PBXBuildFile; fileRef = 767C24862D20C96000AF40D5 /* PhotoGalleryViewModel.swift */; };
		767C24892D20D15C00AF40D5 /* SlideshowViewModel.swift in Sources */ = {isa = PBXBuildFile; fileRef = 767C24882D20D15C00AF40D5 /* SlideshowViewModel.swift */; };
		767C248D2D20D5CA00AF40D5 /* ImageDirectoryManagerTests.swift in Sources */ = {isa = PBXBuildFile; fileRef = 767C248A2D20D5CA00AF40D5 /* ImageDirectoryManagerTests.swift */; };
		767C248E2D20D5CA00AF40D5 /* LocalServerManagerTests.swift in Sources */ = {isa = PBXBuildFile; fileRef = 767C248B2D20D5CA00AF40D5 /* LocalServerManagerTests.swift */; };
		767C248F2D20D5CA00AF40D5 /* MockFileManager.swift in Sources */ = {isa = PBXBuildFile; fileRef = 767C248C2D20D5CA00AF40D5 /* MockFileManager.swift */; };
		76A99CD72C14CA900024C791 /* Preview Assets.xcassets in Resources */ = {isa = PBXBuildFile; fileRef = 76A99CCA2C14CA900024C791 /* Preview Assets.xcassets */; };
		76A99CD82C14CA900024C791 /* Assets.xcassets in Resources */ = {isa = PBXBuildFile; fileRef = 76A99CCC2C14CA900024C791 /* Assets.xcassets */; };
		76A99CD92C14CA900024C791 /* ContentView.swift in Sources */ = {isa = PBXBuildFile; fileRef = 76A99CCD2C14CA900024C791 /* ContentView.swift */; };
		76A99CDB2C14CA900024C791 /* SlidesCastApp.swift in Sources */ = {isa = PBXBuildFile; fileRef = 76A99CD02C14CA900024C791 /* SlidesCastApp.swift */; };
		76A99CDF2C14CB680024C791 /* SlidesCastUITestsLaunchTests.swift in Sources */ = {isa = PBXBuildFile; fileRef = 76A99CD52C14CA900024C791 /* SlidesCastUITestsLaunchTests.swift */; };
		76A99CE02C14CB740024C791 /* SlidesCastUITests.swift in Sources */ = {isa = PBXBuildFile; fileRef = 76A99CD42C14CA900024C791 /* SlidesCastUITests.swift */; };
		76D9753B2C15455600C2FDE3 /* CastButton.swift in Sources */ = {isa = PBXBuildFile; fileRef = 76D9753A2C15455600C2FDE3 /* CastButton.swift */; };
		76D9753F2C168BFA00C2FDE3 /* PhotoLibraryManager.swift in Sources */ = {isa = PBXBuildFile; fileRef = 76D9753E2C168BFA00C2FDE3 /* PhotoLibraryManager.swift */; };
		76D975412C168C8D00C2FDE3 /* PhotoGallery.swift in Sources */ = {isa = PBXBuildFile; fileRef = 76D975402C168C8D00C2FDE3 /* PhotoGallery.swift */; };
		76D975432C1693D900C2FDE3 /* PhotoOverlay.swift in Sources */ = {isa = PBXBuildFile; fileRef = 76D975422C1693D900C2FDE3 /* PhotoOverlay.swift */; };
		76F0682E2D114EA200C64AC4 /* ImageDetails.swift in Sources */ = {isa = PBXBuildFile; fileRef = 76F0682D2D114E9F00C64AC4 /* ImageDetails.swift */; };
		76F068322D11EEDA00C64AC4 /* GalleryImage.swift in Sources */ = {isa = PBXBuildFile; fileRef = 76F068312D11EED600C64AC4 /* GalleryImage.swift */; };
		76F068342D11EF4400C64AC4 /* GalleryCheckmark.swift in Sources */ = {isa = PBXBuildFile; fileRef = 76F068332D11EF3C00C64AC4 /* GalleryCheckmark.swift */; };
		76F068362D1218D700C64AC4 /* CastManager.swift in Sources */ = {isa = PBXBuildFile; fileRef = 76F068352D1218CC00C64AC4 /* CastManager.swift */; };
		76F068382D12232400C64AC4 /* SlideshowView.swift in Sources */ = {isa = PBXBuildFile; fileRef = 76F068372D12232100C64AC4 /* SlideshowView.swift */; };
		B2DB23E889FD96EF465DB037 /* Pods_SlidesCastTests.framework in Frameworks */ = {isa = PBXBuildFile; fileRef = 042638890EED9C9601FE503D /* Pods_SlidesCastTests.framework */; };
		D73E56C53F85C709C767DC2E /* Pods_SlidesCast_SlidesCastUITests.framework in Frameworks */ = {isa = PBXBuildFile; fileRef = 4E7BEA0FA449A9F08B33C3BA /* Pods_SlidesCast_SlidesCastUITests.framework */; };
/* End PBXBuildFile section */

/* Begin PBXContainerItemProxy section */
		76A99CAE2C14BE8B0024C791 /* PBXContainerItemProxy */ = {
			isa = PBXContainerItemProxy;
			containerPortal = 76A99C922C14BE870024C791 /* Project object */;
			proxyType = 1;
			remoteGlobalIDString = 76A99C992C14BE870024C791;
			remoteInfo = SlideCast;
		};
		76A99CB82C14BE8B0024C791 /* PBXContainerItemProxy */ = {
			isa = PBXContainerItemProxy;
			containerPortal = 76A99C922C14BE870024C791 /* Project object */;
			proxyType = 1;
			remoteGlobalIDString = 76A99C992C14BE870024C791;
			remoteInfo = SlideCast;
		};
/* End PBXContainerItemProxy section */

/* Begin PBXFileReference section */
		042638890EED9C9601FE503D /* Pods_SlidesCastTests.framework */ = {isa = PBXFileReference; explicitFileType = wrapper.framework; includeInIndex = 0; path = Pods_SlidesCastTests.framework; sourceTree = BUILT_PRODUCTS_DIR; };
		1DD8F543C729351FC427AE88 /* Pods-SlidesCast.release.xcconfig */ = {isa = PBXFileReference; includeInIndex = 1; lastKnownFileType = text.xcconfig; name = "Pods-SlidesCast.release.xcconfig"; path = "Target Support Files/Pods-SlidesCast/Pods-SlidesCast.release.xcconfig"; sourceTree = "<group>"; };
		2A73CCF02773FEDA355CAC06 /* Pods-SlidesCastTests.release.xcconfig */ = {isa = PBXFileReference; includeInIndex = 1; lastKnownFileType = text.xcconfig; name = "Pods-SlidesCastTests.release.xcconfig"; path = "Target Support Files/Pods-SlidesCastTests/Pods-SlidesCastTests.release.xcconfig"; sourceTree = "<group>"; };
		4E7BEA0FA449A9F08B33C3BA /* Pods_SlidesCast_SlidesCastUITests.framework */ = {isa = PBXFileReference; explicitFileType = wrapper.framework; includeInIndex = 0; path = Pods_SlidesCast_SlidesCastUITests.framework; sourceTree = BUILT_PRODUCTS_DIR; };
		616F4208A1693699F6812707 /* Pods_SlidesCast.framework */ = {isa = PBXFileReference; explicitFileType = wrapper.framework; includeInIndex = 0; path = Pods_SlidesCast.framework; sourceTree = BUILT_PRODUCTS_DIR; };
		71F6572582DD9C401D0809C9 /* Pods-SlidesCast.debug.xcconfig */ = {isa = PBXFileReference; includeInIndex = 1; lastKnownFileType = text.xcconfig; name = "Pods-SlidesCast.debug.xcconfig"; path = "Target Support Files/Pods-SlidesCast/Pods-SlidesCast.debug.xcconfig"; sourceTree = "<group>"; };
		762467682D10AC6B00E531BD /* LocalServerManager.swift */ = {isa = PBXFileReference; lastKnownFileType = sourcecode.swift; path = LocalServerManager.swift; sourceTree = "<group>"; };
		767C24802D15CFF800AF40D5 /* ImageDirectoryManager.swift */ = {isa = PBXFileReference; lastKnownFileType = sourcecode.swift; path = ImageDirectoryManager.swift; sourceTree = "<group>"; };
		767C24862D20C96000AF40D5 /* PhotoGalleryViewModel.swift */ = {isa = PBXFileReference; lastKnownFileType = sourcecode.swift; path = PhotoGalleryViewModel.swift; sourceTree = "<group>"; };
		767C24882D20D15C00AF40D5 /* SlideshowViewModel.swift */ = {isa = PBXFileReference; lastKnownFileType = sourcecode.swift; path = SlideshowViewModel.swift; sourceTree = "<group>"; };
		767C248A2D20D5CA00AF40D5 /* ImageDirectoryManagerTests.swift */ = {isa = PBXFileReference; lastKnownFileType = sourcecode.swift; path = ImageDirectoryManagerTests.swift; sourceTree = "<group>"; };
		767C248B2D20D5CA00AF40D5 /* LocalServerManagerTests.swift */ = {isa = PBXFileReference; lastKnownFileType = sourcecode.swift; path = LocalServerManagerTests.swift; sourceTree = "<group>"; };
		767C248C2D20D5CA00AF40D5 /* MockFileManager.swift */ = {isa = PBXFileReference; lastKnownFileType = sourcecode.swift; path = MockFileManager.swift; sourceTree = "<group>"; };
		76A99C9A2C14BE870024C791 /* SlidesCast.app */ = {isa = PBXFileReference; explicitFileType = wrapper.application; includeInIndex = 0; path = SlidesCast.app; sourceTree = BUILT_PRODUCTS_DIR; };
		76A99CAD2C14BE8B0024C791 /* SlidesCastTests.xctest */ = {isa = PBXFileReference; explicitFileType = wrapper.cfbundle; includeInIndex = 0; path = SlidesCastTests.xctest; sourceTree = BUILT_PRODUCTS_DIR; };
		76A99CB72C14BE8B0024C791 /* SlidesCastUITests.xctest */ = {isa = PBXFileReference; explicitFileType = wrapper.cfbundle; includeInIndex = 0; path = SlidesCastUITests.xctest; sourceTree = BUILT_PRODUCTS_DIR; };
		76A99CCA2C14CA900024C791 /* Preview Assets.xcassets */ = {isa = PBXFileReference; lastKnownFileType = folder.assetcatalog; path = "Preview Assets.xcassets"; sourceTree = "<group>"; };
		76A99CCC2C14CA900024C791 /* Assets.xcassets */ = {isa = PBXFileReference; lastKnownFileType = folder.assetcatalog; path = Assets.xcassets; sourceTree = "<group>"; };
		76A99CCD2C14CA900024C791 /* ContentView.swift */ = {isa = PBXFileReference; fileEncoding = 4; lastKnownFileType = sourcecode.swift; path = ContentView.swift; sourceTree = "<group>"; };
		76A99CCF2C14CA900024C791 /* SlidesCast.entitlements */ = {isa = PBXFileReference; fileEncoding = 4; lastKnownFileType = text.plist.entitlements; path = SlidesCast.entitlements; sourceTree = "<group>"; };
		76A99CD02C14CA900024C791 /* SlidesCastApp.swift */ = {isa = PBXFileReference; fileEncoding = 4; lastKnownFileType = sourcecode.swift; path = SlidesCastApp.swift; sourceTree = "<group>"; };
		76A99CD42C14CA900024C791 /* SlidesCastUITests.swift */ = {isa = PBXFileReference; fileEncoding = 4; lastKnownFileType = sourcecode.swift; path = SlidesCastUITests.swift; sourceTree = "<group>"; };
		76A99CD52C14CA900024C791 /* SlidesCastUITestsLaunchTests.swift */ = {isa = PBXFileReference; fileEncoding = 4; lastKnownFileType = sourcecode.swift; path = SlidesCastUITestsLaunchTests.swift; sourceTree = "<group>"; };
		76D9753A2C15455600C2FDE3 /* CastButton.swift */ = {isa = PBXFileReference; lastKnownFileType = sourcecode.swift; path = CastButton.swift; sourceTree = "<group>"; };
		76D9753C2C156C9F00C2FDE3 /* Info.plist */ = {isa = PBXFileReference; lastKnownFileType = text.plist; path = Info.plist; sourceTree = "<group>"; };
		76D9753E2C168BFA00C2FDE3 /* PhotoLibraryManager.swift */ = {isa = PBXFileReference; lastKnownFileType = sourcecode.swift; path = PhotoLibraryManager.swift; sourceTree = "<group>"; };
		76D975402C168C8D00C2FDE3 /* PhotoGallery.swift */ = {isa = PBXFileReference; lastKnownFileType = sourcecode.swift; path = PhotoGallery.swift; sourceTree = "<group>"; };
		76D975422C1693D900C2FDE3 /* PhotoOverlay.swift */ = {isa = PBXFileReference; lastKnownFileType = sourcecode.swift; path = PhotoOverlay.swift; sourceTree = "<group>"; };
		76F0682D2D114E9F00C64AC4 /* ImageDetails.swift */ = {isa = PBXFileReference; lastKnownFileType = sourcecode.swift; path = ImageDetails.swift; sourceTree = "<group>"; };
		76F068312D11EED600C64AC4 /* GalleryImage.swift */ = {isa = PBXFileReference; lastKnownFileType = sourcecode.swift; path = GalleryImage.swift; sourceTree = "<group>"; };
		76F068332D11EF3C00C64AC4 /* GalleryCheckmark.swift */ = {isa = PBXFileReference; lastKnownFileType = sourcecode.swift; path = GalleryCheckmark.swift; sourceTree = "<group>"; };
		76F068352D1218CC00C64AC4 /* CastManager.swift */ = {isa = PBXFileReference; lastKnownFileType = sourcecode.swift; path = CastManager.swift; sourceTree = "<group>"; };
		76F068372D12232100C64AC4 /* SlideshowView.swift */ = {isa = PBXFileReference; lastKnownFileType = sourcecode.swift; path = SlideshowView.swift; sourceTree = "<group>"; };
		9E00F761D7FDD136D6EDDD26 /* Pods-SlidesCastTests.debug.xcconfig */ = {isa = PBXFileReference; includeInIndex = 1; lastKnownFileType = text.xcconfig; name = "Pods-SlidesCastTests.debug.xcconfig"; path = "Target Support Files/Pods-SlidesCastTests/Pods-SlidesCastTests.debug.xcconfig"; sourceTree = "<group>"; };
		C74927B93939E3C936E8FE49 /* Pods-SlidesCast-SlidesCastUITests.debug.xcconfig */ = {isa = PBXFileReference; includeInIndex = 1; lastKnownFileType = text.xcconfig; name = "Pods-SlidesCast-SlidesCastUITests.debug.xcconfig"; path = "Target Support Files/Pods-SlidesCast-SlidesCastUITests/Pods-SlidesCast-SlidesCastUITests.debug.xcconfig"; sourceTree = "<group>"; };
		DAFA9E385AB68900A75452DE /* Pods-SlidesCast-SlidesCastUITests.release.xcconfig */ = {isa = PBXFileReference; includeInIndex = 1; lastKnownFileType = text.xcconfig; name = "Pods-SlidesCast-SlidesCastUITests.release.xcconfig"; path = "Target Support Files/Pods-SlidesCast-SlidesCastUITests/Pods-SlidesCast-SlidesCastUITests.release.xcconfig"; sourceTree = "<group>"; };
/* End PBXFileReference section */

/* Begin PBXFrameworksBuildPhase section */
		76A99C972C14BE870024C791 /* Frameworks */ = {
			isa = PBXFrameworksBuildPhase;
			buildActionMask = 2147483647;
			files = (
				5F0FD3B3163956D2BDDEE0F0 /* Pods_SlidesCast.framework in Frameworks */,
				7624676C2D10B68F00E531BD /* GCDWebServer in Frameworks */,
			);
			runOnlyForDeploymentPostprocessing = 0;
		};
		76A99CAA2C14BE8B0024C791 /* Frameworks */ = {
			isa = PBXFrameworksBuildPhase;
			buildActionMask = 2147483647;
			files = (
				B2DB23E889FD96EF465DB037 /* Pods_SlidesCastTests.framework in Frameworks */,
			);
			runOnlyForDeploymentPostprocessing = 0;
		};
		76A99CB42C14BE8B0024C791 /* Frameworks */ = {
			isa = PBXFrameworksBuildPhase;
			buildActionMask = 2147483647;
			files = (
				D73E56C53F85C709C767DC2E /* Pods_SlidesCast_SlidesCastUITests.framework in Frameworks */,
			);
			runOnlyForDeploymentPostprocessing = 0;
		};
/* End PBXFrameworksBuildPhase section */

/* Begin PBXGroup section */
		15A0656BD95EBF57575E9322 /* Pods */ = {
			isa = PBXGroup;
			children = (
				71F6572582DD9C401D0809C9 /* Pods-SlidesCast.debug.xcconfig */,
				1DD8F543C729351FC427AE88 /* Pods-SlidesCast.release.xcconfig */,
				C74927B93939E3C936E8FE49 /* Pods-SlidesCast-SlidesCastUITests.debug.xcconfig */,
				DAFA9E385AB68900A75452DE /* Pods-SlidesCast-SlidesCastUITests.release.xcconfig */,
				9E00F761D7FDD136D6EDDD26 /* Pods-SlidesCastTests.debug.xcconfig */,
				2A73CCF02773FEDA355CAC06 /* Pods-SlidesCastTests.release.xcconfig */,
			);
			path = Pods;
			sourceTree = "<group>";
		};
		56B8BFFC812B7B1E924D6172 /* Frameworks */ = {
			isa = PBXGroup;
			children = (
				616F4208A1693699F6812707 /* Pods_SlidesCast.framework */,
				4E7BEA0FA449A9F08B33C3BA /* Pods_SlidesCast_SlidesCastUITests.framework */,
				042638890EED9C9601FE503D /* Pods_SlidesCastTests.framework */,
			);
			name = Frameworks;
			sourceTree = "<group>";
		};
		762467672D10AC2800E531BD /* Utilities */ = {
			isa = PBXGroup;
			children = (
				767C24802D15CFF800AF40D5 /* ImageDirectoryManager.swift */,
				76F068352D1218CC00C64AC4 /* CastManager.swift */,
				76D9753E2C168BFA00C2FDE3 /* PhotoLibraryManager.swift */,
				762467682D10AC6B00E531BD /* LocalServerManager.swift */,
			);
			path = Utilities;
			sourceTree = "<group>";
		};
		76A99C912C14BE870024C791 = {
			isa = PBXGroup;
			children = (
				76A99CD12C14CA900024C791 /* SlidesCast */,
				76A99CD32C14CA900024C791 /* SlidesCastTests */,
				76A99CD62C14CA900024C791 /* SlidesCastUITests */,
				76A99C9B2C14BE870024C791 /* Products */,
				15A0656BD95EBF57575E9322 /* Pods */,
				56B8BFFC812B7B1E924D6172 /* Frameworks */,
			);
			sourceTree = "<group>";
		};
		76A99C9B2C14BE870024C791 /* Products */ = {
			isa = PBXGroup;
			children = (
				76A99C9A2C14BE870024C791 /* SlidesCast.app */,
				76A99CAD2C14BE8B0024C791 /* SlidesCastTests.xctest */,
				76A99CB72C14BE8B0024C791 /* SlidesCastUITests.xctest */,
			);
			name = Products;
			sourceTree = "<group>";
		};
		76A99CCB2C14CA900024C791 /* Preview Content */ = {
			isa = PBXGroup;
			children = (
				76A99CCA2C14CA900024C791 /* Preview Assets.xcassets */,
			);
			path = "Preview Content";
			sourceTree = "<group>";
		};
		76A99CD12C14CA900024C791 /* SlidesCast */ = {
			isa = PBXGroup;
			children = (
				76D9753C2C156C9F00C2FDE3 /* Info.plist */,
				76A99CD02C14CA900024C791 /* SlidesCastApp.swift */,
				76D975392C153E2900C2FDE3 /* Resources */,
				76D975382C153E1C00C2FDE3 /* Models */,
				76D9753D2C168BC900C2FDE3 /* ViewModels */,
				76D975372C15286900C2FDE3 /* Views */,
				762467672D10AC2800E531BD /* Utilities */,
			);
			path = SlidesCast;
			sourceTree = "<group>";
		};
		76A99CD32C14CA900024C791 /* SlidesCastTests */ = {
			isa = PBXGroup;
			children = (
				767C248C2D20D5CA00AF40D5 /* MockFileManager.swift */,
				767C248A2D20D5CA00AF40D5 /* ImageDirectoryManagerTests.swift */,
				767C248B2D20D5CA00AF40D5 /* LocalServerManagerTests.swift */,
			);
			path = SlidesCastTests;
			sourceTree = "<group>";
		};
		76A99CD62C14CA900024C791 /* SlidesCastUITests */ = {
			isa = PBXGroup;
			children = (
				76A99CD42C14CA900024C791 /* SlidesCastUITests.swift */,
				76A99CD52C14CA900024C791 /* SlidesCastUITestsLaunchTests.swift */,
			);
			path = SlidesCastUITests;
			sourceTree = "<group>";
		};
		76D975372C15286900C2FDE3 /* Views */ = {
			isa = PBXGroup;
			children = (
				76F068372D12232100C64AC4 /* SlideshowView.swift */,
				76F068332D11EF3C00C64AC4 /* GalleryCheckmark.swift */,
				76F068312D11EED600C64AC4 /* GalleryImage.swift */,
				76A99CCD2C14CA900024C791 /* ContentView.swift */,
				76D9753A2C15455600C2FDE3 /* CastButton.swift */,
				76D975402C168C8D00C2FDE3 /* PhotoGallery.swift */,
				76D975422C1693D900C2FDE3 /* PhotoOverlay.swift */,
			);
			path = Views;
			sourceTree = "<group>";
		};
		76D975382C153E1C00C2FDE3 /* Models */ = {
			isa = PBXGroup;
			children = (
				76F0682D2D114E9F00C64AC4 /* ImageDetails.swift */,
			);
			path = Models;
			sourceTree = "<group>";
		};
		76D975392C153E2900C2FDE3 /* Resources */ = {
			isa = PBXGroup;
			children = (
				76A99CCB2C14CA900024C791 /* Preview Content */,
				76A99CCC2C14CA900024C791 /* Assets.xcassets */,
				76A99CCF2C14CA900024C791 /* SlidesCast.entitlements */,
			);
			path = Resources;
			sourceTree = "<group>";
		};
		76D9753D2C168BC900C2FDE3 /* ViewModels */ = {
			isa = PBXGroup;
			children = (
				767C24882D20D15C00AF40D5 /* SlideshowViewModel.swift */,
				767C24862D20C96000AF40D5 /* PhotoGalleryViewModel.swift */,
			);
			path = ViewModels;
			sourceTree = "<group>";
		};
/* End PBXGroup section */

/* Begin PBXNativeTarget section */
		76A99C992C14BE870024C791 /* SlidesCast */ = {
			isa = PBXNativeTarget;
			buildConfigurationList = 76A99CC12C14BE8B0024C791 /* Build configuration list for PBXNativeTarget "SlidesCast" */;
			buildPhases = (
				B184E54FC368125174CBA002 /* [CP] Check Pods Manifest.lock */,
				76A99C962C14BE870024C791 /* Sources */,
				76A99C972C14BE870024C791 /* Frameworks */,
				76A99C982C14BE870024C791 /* Resources */,
				514394388C5F00E454CCDC1B /* [CP] Embed Pods Frameworks */,
				22B3CDCC07186E5B630EC890 /* [CP] Copy Pods Resources */,
			);
			buildRules = (
			);
			dependencies = (
			);
			name = SlidesCast;
			packageProductDependencies = (
				7624676B2D10B68F00E531BD /* GCDWebServer */,
			);
			productName = SlideCast;
			productReference = 76A99C9A2C14BE870024C791 /* SlidesCast.app */;
			productType = "com.apple.product-type.application";
		};
		76A99CAC2C14BE8B0024C791 /* SlidesCastTests */ = {
			isa = PBXNativeTarget;
			buildConfigurationList = 76A99CC42C14BE8B0024C791 /* Build configuration list for PBXNativeTarget "SlidesCastTests" */;
			buildPhases = (
				CA1759523B53690B76B47C40 /* [CP] Check Pods Manifest.lock */,
				76A99CA92C14BE8B0024C791 /* Sources */,
				76A99CAA2C14BE8B0024C791 /* Frameworks */,
				76A99CAB2C14BE8B0024C791 /* Resources */,
			);
			buildRules = (
			);
			dependencies = (
				76A99CAF2C14BE8B0024C791 /* PBXTargetDependency */,
			);
			name = SlidesCastTests;
			productName = SlideCastTests;
			productReference = 76A99CAD2C14BE8B0024C791 /* SlidesCastTests.xctest */;
			productType = "com.apple.product-type.bundle.unit-test";
		};
		76A99CB62C14BE8B0024C791 /* SlidesCastUITests */ = {
			isa = PBXNativeTarget;
			buildConfigurationList = 76A99CC72C14BE8B0024C791 /* Build configuration list for PBXNativeTarget "SlidesCastUITests" */;
			buildPhases = (
				4352F3865CA5D1DBAF5141FF /* [CP] Check Pods Manifest.lock */,
				76A99CB32C14BE8B0024C791 /* Sources */,
				76A99CB42C14BE8B0024C791 /* Frameworks */,
				76A99CB52C14BE8B0024C791 /* Resources */,
				7BB7DE4F0509AE95AF27EFE0 /* [CP] Embed Pods Frameworks */,
				3D7E25E577D4AAA1441B2B08 /* [CP] Copy Pods Resources */,
			);
			buildRules = (
			);
			dependencies = (
				76A99CB92C14BE8B0024C791 /* PBXTargetDependency */,
			);
			name = SlidesCastUITests;
			productName = SlideCastUITests;
			productReference = 76A99CB72C14BE8B0024C791 /* SlidesCastUITests.xctest */;
			productType = "com.apple.product-type.bundle.ui-testing";
		};
/* End PBXNativeTarget section */

/* Begin PBXProject section */
		76A99C922C14BE870024C791 /* Project object */ = {
			isa = PBXProject;
			attributes = {
				BuildIndependentTargetsInParallel = 1;
				LastSwiftUpdateCheck = 1530;
				LastUpgradeCheck = 1530;
				TargetAttributes = {
					76A99C992C14BE870024C791 = {
						CreatedOnToolsVersion = 15.3;
					};
					76A99CAC2C14BE8B0024C791 = {
						CreatedOnToolsVersion = 15.3;
						TestTargetID = 76A99C992C14BE870024C791;
					};
					76A99CB62C14BE8B0024C791 = {
						CreatedOnToolsVersion = 15.3;
						TestTargetID = 76A99C992C14BE870024C791;
					};
				};
			};
			buildConfigurationList = 76A99C952C14BE870024C791 /* Build configuration list for PBXProject "SlidesCast" */;
			compatibilityVersion = "Xcode 14.0";
			developmentRegion = en;
			hasScannedForEncodings = 0;
			knownRegions = (
				en,
				Base,
			);
			mainGroup = 76A99C912C14BE870024C791;
			packageReferences = (
				7624676A2D10B68F00E531BD /* XCRemoteSwiftPackageReference "GCDWebServer" */,
			);
			productRefGroup = 76A99C9B2C14BE870024C791 /* Products */;
			projectDirPath = "";
			projectRoot = "";
			targets = (
				76A99C992C14BE870024C791 /* SlidesCast */,
				76A99CAC2C14BE8B0024C791 /* SlidesCastTests */,
				76A99CB62C14BE8B0024C791 /* SlidesCastUITests */,
			);
		};
/* End PBXProject section */

/* Begin PBXResourcesBuildPhase section */
		76A99C982C14BE870024C791 /* Resources */ = {
			isa = PBXResourcesBuildPhase;
			buildActionMask = 2147483647;
			files = (
				76A99CD82C14CA900024C791 /* Assets.xcassets in Resources */,
				76A99CD72C14CA900024C791 /* Preview Assets.xcassets in Resources */,
			);
			runOnlyForDeploymentPostprocessing = 0;
		};
		76A99CAB2C14BE8B0024C791 /* Resources */ = {
			isa = PBXResourcesBuildPhase;
			buildActionMask = 2147483647;
			files = (
			);
			runOnlyForDeploymentPostprocessing = 0;
		};
		76A99CB52C14BE8B0024C791 /* Resources */ = {
			isa = PBXResourcesBuildPhase;
			buildActionMask = 2147483647;
			files = (
			);
			runOnlyForDeploymentPostprocessing = 0;
		};
/* End PBXResourcesBuildPhase section */

/* Begin PBXShellScriptBuildPhase section */
		22B3CDCC07186E5B630EC890 /* [CP] Copy Pods Resources */ = {
			isa = PBXShellScriptBuildPhase;
			buildActionMask = 2147483647;
			files = (
			);
			inputFileListPaths = (
				"${PODS_ROOT}/Target Support Files/Pods-SlidesCast/Pods-SlidesCast-resources-${CONFIGURATION}-input-files.xcfilelist",
			);
			name = "[CP] Copy Pods Resources";
			outputFileListPaths = (
				"${PODS_ROOT}/Target Support Files/Pods-SlidesCast/Pods-SlidesCast-resources-${CONFIGURATION}-output-files.xcfilelist",
			);
			runOnlyForDeploymentPostprocessing = 0;
			shellPath = /bin/sh;
			shellScript = "\"${PODS_ROOT}/Target Support Files/Pods-SlidesCast/Pods-SlidesCast-resources.sh\"\n";
			showEnvVarsInLog = 0;
		};
		3D7E25E577D4AAA1441B2B08 /* [CP] Copy Pods Resources */ = {
			isa = PBXShellScriptBuildPhase;
			buildActionMask = 2147483647;
			files = (
			);
			inputFileListPaths = (
				"${PODS_ROOT}/Target Support Files/Pods-SlidesCast-SlidesCastUITests/Pods-SlidesCast-SlidesCastUITests-resources-${CONFIGURATION}-input-files.xcfilelist",
			);
			name = "[CP] Copy Pods Resources";
			outputFileListPaths = (
				"${PODS_ROOT}/Target Support Files/Pods-SlidesCast-SlidesCastUITests/Pods-SlidesCast-SlidesCastUITests-resources-${CONFIGURATION}-output-files.xcfilelist",
			);
			runOnlyForDeploymentPostprocessing = 0;
			shellPath = /bin/sh;
			shellScript = "\"${PODS_ROOT}/Target Support Files/Pods-SlidesCast-SlidesCastUITests/Pods-SlidesCast-SlidesCastUITests-resources.sh\"\n";
			showEnvVarsInLog = 0;
		};
		4352F3865CA5D1DBAF5141FF /* [CP] Check Pods Manifest.lock */ = {
			isa = PBXShellScriptBuildPhase;
			buildActionMask = 2147483647;
			files = (
			);
			inputFileListPaths = (
			);
			inputPaths = (
				"${PODS_PODFILE_DIR_PATH}/Podfile.lock",
				"${PODS_ROOT}/Manifest.lock",
			);
			name = "[CP] Check Pods Manifest.lock";
			outputFileListPaths = (
			);
			outputPaths = (
				"$(DERIVED_FILE_DIR)/Pods-SlidesCast-SlidesCastUITests-checkManifestLockResult.txt",
			);
			runOnlyForDeploymentPostprocessing = 0;
			shellPath = /bin/sh;
			shellScript = "diff \"${PODS_PODFILE_DIR_PATH}/Podfile.lock\" \"${PODS_ROOT}/Manifest.lock\" > /dev/null\nif [ $? != 0 ] ; then\n    # print error to STDERR\n    echo \"error: The sandbox is not in sync with the Podfile.lock. Run 'pod install' or update your CocoaPods installation.\" >&2\n    exit 1\nfi\n# This output is used by Xcode 'outputs' to avoid re-running this script phase.\necho \"SUCCESS\" > \"${SCRIPT_OUTPUT_FILE_0}\"\n";
			showEnvVarsInLog = 0;
		};
		514394388C5F00E454CCDC1B /* [CP] Embed Pods Frameworks */ = {
			isa = PBXShellScriptBuildPhase;
			buildActionMask = 2147483647;
			files = (
			);
			inputFileListPaths = (
				"${PODS_ROOT}/Target Support Files/Pods-SlidesCast/Pods-SlidesCast-frameworks-${CONFIGURATION}-input-files.xcfilelist",
			);
			name = "[CP] Embed Pods Frameworks";
			outputFileListPaths = (
				"${PODS_ROOT}/Target Support Files/Pods-SlidesCast/Pods-SlidesCast-frameworks-${CONFIGURATION}-output-files.xcfilelist",
			);
			runOnlyForDeploymentPostprocessing = 0;
			shellPath = /bin/sh;
			shellScript = "\"${PODS_ROOT}/Target Support Files/Pods-SlidesCast/Pods-SlidesCast-frameworks.sh\"\n";
			showEnvVarsInLog = 0;
		};
		7BB7DE4F0509AE95AF27EFE0 /* [CP] Embed Pods Frameworks */ = {
			isa = PBXShellScriptBuildPhase;
			buildActionMask = 2147483647;
			files = (
			);
			inputFileListPaths = (
				"${PODS_ROOT}/Target Support Files/Pods-SlidesCast-SlidesCastUITests/Pods-SlidesCast-SlidesCastUITests-frameworks-${CONFIGURATION}-input-files.xcfilelist",
			);
			name = "[CP] Embed Pods Frameworks";
			outputFileListPaths = (
				"${PODS_ROOT}/Target Support Files/Pods-SlidesCast-SlidesCastUITests/Pods-SlidesCast-SlidesCastUITests-frameworks-${CONFIGURATION}-output-files.xcfilelist",
			);
			runOnlyForDeploymentPostprocessing = 0;
			shellPath = /bin/sh;
			shellScript = "\"${PODS_ROOT}/Target Support Files/Pods-SlidesCast-SlidesCastUITests/Pods-SlidesCast-SlidesCastUITests-frameworks.sh\"\n";
			showEnvVarsInLog = 0;
		};
		B184E54FC368125174CBA002 /* [CP] Check Pods Manifest.lock */ = {
			isa = PBXShellScriptBuildPhase;
			buildActionMask = 2147483647;
			files = (
			);
			inputFileListPaths = (
			);
			inputPaths = (
				"${PODS_PODFILE_DIR_PATH}/Podfile.lock",
				"${PODS_ROOT}/Manifest.lock",
			);
			name = "[CP] Check Pods Manifest.lock";
			outputFileListPaths = (
			);
			outputPaths = (
				"$(DERIVED_FILE_DIR)/Pods-SlidesCast-checkManifestLockResult.txt",
			);
			runOnlyForDeploymentPostprocessing = 0;
			shellPath = /bin/sh;
			shellScript = "diff \"${PODS_PODFILE_DIR_PATH}/Podfile.lock\" \"${PODS_ROOT}/Manifest.lock\" > /dev/null\nif [ $? != 0 ] ; then\n    # print error to STDERR\n    echo \"error: The sandbox is not in sync with the Podfile.lock. Run 'pod install' or update your CocoaPods installation.\" >&2\n    exit 1\nfi\n# This output is used by Xcode 'outputs' to avoid re-running this script phase.\necho \"SUCCESS\" > \"${SCRIPT_OUTPUT_FILE_0}\"\n";
			showEnvVarsInLog = 0;
		};
		CA1759523B53690B76B47C40 /* [CP] Check Pods Manifest.lock */ = {
			isa = PBXShellScriptBuildPhase;
			buildActionMask = 2147483647;
			files = (
			);
			inputFileListPaths = (
			);
			inputPaths = (
				"${PODS_PODFILE_DIR_PATH}/Podfile.lock",
				"${PODS_ROOT}/Manifest.lock",
			);
			name = "[CP] Check Pods Manifest.lock";
			outputFileListPaths = (
			);
			outputPaths = (
				"$(DERIVED_FILE_DIR)/Pods-SlidesCastTests-checkManifestLockResult.txt",
			);
			runOnlyForDeploymentPostprocessing = 0;
			shellPath = /bin/sh;
			shellScript = "diff \"${PODS_PODFILE_DIR_PATH}/Podfile.lock\" \"${PODS_ROOT}/Manifest.lock\" > /dev/null\nif [ $? != 0 ] ; then\n    # print error to STDERR\n    echo \"error: The sandbox is not in sync with the Podfile.lock. Run 'pod install' or update your CocoaPods installation.\" >&2\n    exit 1\nfi\n# This output is used by Xcode 'outputs' to avoid re-running this script phase.\necho \"SUCCESS\" > \"${SCRIPT_OUTPUT_FILE_0}\"\n";
			showEnvVarsInLog = 0;
		};
/* End PBXShellScriptBuildPhase section */

/* Begin PBXSourcesBuildPhase section */
		76A99C962C14BE870024C791 /* Sources */ = {
			isa = PBXSourcesBuildPhase;
			buildActionMask = 2147483647;
			files = (
				76F068342D11EF4400C64AC4 /* GalleryCheckmark.swift in Sources */,
				76F068382D12232400C64AC4 /* SlideshowView.swift in Sources */,
				76A99CDB2C14CA900024C791 /* SlidesCastApp.swift in Sources */,
				76F0682E2D114EA200C64AC4 /* ImageDetails.swift in Sources */,
				76D9753F2C168BFA00C2FDE3 /* PhotoLibraryManager.swift in Sources */,
				76D975432C1693D900C2FDE3 /* PhotoOverlay.swift in Sources */,
				762467692D10AC7100E531BD /* LocalServerManager.swift in Sources */,
				76F068322D11EEDA00C64AC4 /* GalleryImage.swift in Sources */,
				767C24872D20C96000AF40D5 /* PhotoGalleryViewModel.swift in Sources */,
				767C24892D20D15C00AF40D5 /* SlideshowViewModel.swift in Sources */,
				76F068362D1218D700C64AC4 /* CastManager.swift in Sources */,
				76D975412C168C8D00C2FDE3 /* PhotoGallery.swift in Sources */,
				76D9753B2C15455600C2FDE3 /* CastButton.swift in Sources */,
				76A99CD92C14CA900024C791 /* ContentView.swift in Sources */,
				767C24812D15D03E00AF40D5 /* ImageDirectoryManager.swift in Sources */,
			);
			runOnlyForDeploymentPostprocessing = 0;
		};
		76A99CA92C14BE8B0024C791 /* Sources */ = {
			isa = PBXSourcesBuildPhase;
			buildActionMask = 2147483647;
			files = (
				767C248D2D20D5CA00AF40D5 /* ImageDirectoryManagerTests.swift in Sources */,
				767C248E2D20D5CA00AF40D5 /* LocalServerManagerTests.swift in Sources */,
				767C248F2D20D5CA00AF40D5 /* MockFileManager.swift in Sources */,
			);
			runOnlyForDeploymentPostprocessing = 0;
		};
		76A99CB32C14BE8B0024C791 /* Sources */ = {
			isa = PBXSourcesBuildPhase;
			buildActionMask = 2147483647;
			files = (
				76A99CE02C14CB740024C791 /* SlidesCastUITests.swift in Sources */,
				76A99CDF2C14CB680024C791 /* SlidesCastUITestsLaunchTests.swift in Sources */,
			);
			runOnlyForDeploymentPostprocessing = 0;
		};
/* End PBXSourcesBuildPhase section */

/* Begin PBXTargetDependency section */
		76A99CAF2C14BE8B0024C791 /* PBXTargetDependency */ = {
			isa = PBXTargetDependency;
			target = 76A99C992C14BE870024C791 /* SlidesCast */;
			targetProxy = 76A99CAE2C14BE8B0024C791 /* PBXContainerItemProxy */;
		};
		76A99CB92C14BE8B0024C791 /* PBXTargetDependency */ = {
			isa = PBXTargetDependency;
			target = 76A99C992C14BE870024C791 /* SlidesCast */;
			targetProxy = 76A99CB82C14BE8B0024C791 /* PBXContainerItemProxy */;
		};
/* End PBXTargetDependency section */

/* Begin XCBuildConfiguration section */
		76A99CBF2C14BE8B0024C791 /* Debug */ = {
			isa = XCBuildConfiguration;
			buildSettings = {
				ALWAYS_SEARCH_USER_PATHS = NO;
				ASSETCATALOG_COMPILER_GENERATE_SWIFT_ASSET_SYMBOL_EXTENSIONS = YES;
				CLANG_ANALYZER_NONNULL = YES;
				CLANG_ANALYZER_NUMBER_OBJECT_CONVERSION = YES_AGGRESSIVE;
				CLANG_CXX_LANGUAGE_STANDARD = "gnu++20";
				CLANG_ENABLE_MODULES = YES;
				CLANG_ENABLE_OBJC_ARC = YES;
				CLANG_ENABLE_OBJC_WEAK = YES;
				CLANG_WARN_BLOCK_CAPTURE_AUTORELEASING = YES;
				CLANG_WARN_BOOL_CONVERSION = YES;
				CLANG_WARN_COMMA = YES;
				CLANG_WARN_CONSTANT_CONVERSION = YES;
				CLANG_WARN_DEPRECATED_OBJC_IMPLEMENTATIONS = YES;
				CLANG_WARN_DIRECT_OBJC_ISA_USAGE = YES_ERROR;
				CLANG_WARN_DOCUMENTATION_COMMENTS = YES;
				CLANG_WARN_EMPTY_BODY = YES;
				CLANG_WARN_ENUM_CONVERSION = YES;
				CLANG_WARN_INFINITE_RECURSION = YES;
				CLANG_WARN_INT_CONVERSION = YES;
				CLANG_WARN_NON_LITERAL_NULL_CONVERSION = YES;
				CLANG_WARN_OBJC_IMPLICIT_RETAIN_SELF = YES;
				CLANG_WARN_OBJC_LITERAL_CONVERSION = YES;
				CLANG_WARN_OBJC_ROOT_CLASS = YES_ERROR;
				CLANG_WARN_QUOTED_INCLUDE_IN_FRAMEWORK_HEADER = YES;
				CLANG_WARN_RANGE_LOOP_ANALYSIS = YES;
				CLANG_WARN_STRICT_PROTOTYPES = YES;
				CLANG_WARN_SUSPICIOUS_MOVE = YES;
				CLANG_WARN_UNGUARDED_AVAILABILITY = YES_AGGRESSIVE;
				CLANG_WARN_UNREACHABLE_CODE = YES;
				CLANG_WARN__DUPLICATE_METHOD_MATCH = YES;
				COPY_PHASE_STRIP = NO;
				DEBUG_INFORMATION_FORMAT = dwarf;
				ENABLE_STRICT_OBJC_MSGSEND = YES;
				ENABLE_TESTABILITY = YES;
				ENABLE_USER_SCRIPT_SANDBOXING = NO;
				GCC_C_LANGUAGE_STANDARD = gnu17;
				GCC_DYNAMIC_NO_PIC = NO;
				GCC_NO_COMMON_BLOCKS = YES;
				GCC_OPTIMIZATION_LEVEL = 0;
				GCC_PREPROCESSOR_DEFINITIONS = (
					"DEBUG=1",
					"$(inherited)",
				);
				GCC_WARN_64_TO_32_BIT_CONVERSION = YES;
				GCC_WARN_ABOUT_RETURN_TYPE = YES_ERROR;
				GCC_WARN_UNDECLARED_SELECTOR = YES;
				GCC_WARN_UNINITIALIZED_AUTOS = YES_AGGRESSIVE;
				GCC_WARN_UNUSED_FUNCTION = YES;
				GCC_WARN_UNUSED_VARIABLE = YES;
				IPHONEOS_DEPLOYMENT_TARGET = 14.0;
				LOCALIZATION_PREFERS_STRING_CATALOGS = YES;
				MACOSX_DEPLOYMENT_TARGET = 14.0;
				MTL_ENABLE_DEBUG_INFO = INCLUDE_SOURCE;
				MTL_FAST_MATH = YES;
				ONLY_ACTIVE_ARCH = YES;
				SWIFT_ACTIVE_COMPILATION_CONDITIONS = "DEBUG $(inherited)";
				SWIFT_OPTIMIZATION_LEVEL = "-Onone";
			};
			name = Debug;
		};
		76A99CC02C14BE8B0024C791 /* Release */ = {
			isa = XCBuildConfiguration;
			buildSettings = {
				ALWAYS_SEARCH_USER_PATHS = NO;
				ASSETCATALOG_COMPILER_GENERATE_SWIFT_ASSET_SYMBOL_EXTENSIONS = YES;
				CLANG_ANALYZER_NONNULL = YES;
				CLANG_ANALYZER_NUMBER_OBJECT_CONVERSION = YES_AGGRESSIVE;
				CLANG_CXX_LANGUAGE_STANDARD = "gnu++20";
				CLANG_ENABLE_MODULES = YES;
				CLANG_ENABLE_OBJC_ARC = YES;
				CLANG_ENABLE_OBJC_WEAK = YES;
				CLANG_WARN_BLOCK_CAPTURE_AUTORELEASING = YES;
				CLANG_WARN_BOOL_CONVERSION = YES;
				CLANG_WARN_COMMA = YES;
				CLANG_WARN_CONSTANT_CONVERSION = YES;
				CLANG_WARN_DEPRECATED_OBJC_IMPLEMENTATIONS = YES;
				CLANG_WARN_DIRECT_OBJC_ISA_USAGE = YES_ERROR;
				CLANG_WARN_DOCUMENTATION_COMMENTS = YES;
				CLANG_WARN_EMPTY_BODY = YES;
				CLANG_WARN_ENUM_CONVERSION = YES;
				CLANG_WARN_INFINITE_RECURSION = YES;
				CLANG_WARN_INT_CONVERSION = YES;
				CLANG_WARN_NON_LITERAL_NULL_CONVERSION = YES;
				CLANG_WARN_OBJC_IMPLICIT_RETAIN_SELF = YES;
				CLANG_WARN_OBJC_LITERAL_CONVERSION = YES;
				CLANG_WARN_OBJC_ROOT_CLASS = YES_ERROR;
				CLANG_WARN_QUOTED_INCLUDE_IN_FRAMEWORK_HEADER = YES;
				CLANG_WARN_RANGE_LOOP_ANALYSIS = YES;
				CLANG_WARN_STRICT_PROTOTYPES = YES;
				CLANG_WARN_SUSPICIOUS_MOVE = YES;
				CLANG_WARN_UNGUARDED_AVAILABILITY = YES_AGGRESSIVE;
				CLANG_WARN_UNREACHABLE_CODE = YES;
				CLANG_WARN__DUPLICATE_METHOD_MATCH = YES;
				COPY_PHASE_STRIP = NO;
				DEBUG_INFORMATION_FORMAT = "dwarf-with-dsym";
				ENABLE_NS_ASSERTIONS = NO;
				ENABLE_STRICT_OBJC_MSGSEND = YES;
				ENABLE_USER_SCRIPT_SANDBOXING = NO;
				GCC_C_LANGUAGE_STANDARD = gnu17;
				GCC_NO_COMMON_BLOCKS = YES;
				GCC_WARN_64_TO_32_BIT_CONVERSION = YES;
				GCC_WARN_ABOUT_RETURN_TYPE = YES_ERROR;
				GCC_WARN_UNDECLARED_SELECTOR = YES;
				GCC_WARN_UNINITIALIZED_AUTOS = YES_AGGRESSIVE;
				GCC_WARN_UNUSED_FUNCTION = YES;
				GCC_WARN_UNUSED_VARIABLE = YES;
				IPHONEOS_DEPLOYMENT_TARGET = 14.0;
				LOCALIZATION_PREFERS_STRING_CATALOGS = YES;
				MACOSX_DEPLOYMENT_TARGET = 14.0;
				MTL_ENABLE_DEBUG_INFO = NO;
				MTL_FAST_MATH = YES;
				SWIFT_COMPILATION_MODE = wholemodule;
			};
			name = Release;
		};
		76A99CC22C14BE8B0024C791 /* Debug */ = {
			isa = XCBuildConfiguration;
			baseConfigurationReference = 71F6572582DD9C401D0809C9 /* Pods-SlidesCast.debug.xcconfig */;
			buildSettings = {
				ASSETCATALOG_COMPILER_APPICON_NAME = AppIcon;
				ASSETCATALOG_COMPILER_GLOBAL_ACCENT_COLOR_NAME = AccentColor;
				CODE_SIGN_ENTITLEMENTS = SlidesCast/Resources/SlidesCast.entitlements;
				CODE_SIGN_IDENTITY = "Apple Development";
				CODE_SIGN_STYLE = Automatic;
				CURRENT_PROJECT_VERSION = 1;
				DEVELOPMENT_ASSET_PATHS = "\"SlidesCast/Resources/Preview Content\"";
				DEVELOPMENT_TEAM = T94353JL44;
				ENABLE_HARDENED_RUNTIME = YES;
				ENABLE_PREVIEWS = YES;
				GENERATE_INFOPLIST_FILE = YES;
				INFOPLIST_FILE = SlidesCast/Info.plist;
				INFOPLIST_KEY_NSPhotoLibraryUsageDescription = "Select Photos to Cast";
				"INFOPLIST_KEY_UIApplicationSceneManifest_Generation[sdk=iphoneos*]" = YES;
				"INFOPLIST_KEY_UIApplicationSceneManifest_Generation[sdk=iphonesimulator*]" = YES;
				"INFOPLIST_KEY_UIApplicationSupportsIndirectInputEvents[sdk=iphoneos*]" = YES;
				"INFOPLIST_KEY_UIApplicationSupportsIndirectInputEvents[sdk=iphonesimulator*]" = YES;
				"INFOPLIST_KEY_UILaunchScreen_Generation[sdk=iphoneos*]" = YES;
				"INFOPLIST_KEY_UILaunchScreen_Generation[sdk=iphonesimulator*]" = YES;
				"INFOPLIST_KEY_UIStatusBarStyle[sdk=iphoneos*]" = UIStatusBarStyleDefault;
				"INFOPLIST_KEY_UIStatusBarStyle[sdk=iphonesimulator*]" = UIStatusBarStyleDefault;
				INFOPLIST_KEY_UISupportedInterfaceOrientations_iPad = "UIInterfaceOrientationPortrait UIInterfaceOrientationPortraitUpsideDown UIInterfaceOrientationLandscapeLeft UIInterfaceOrientationLandscapeRight";
				INFOPLIST_KEY_UISupportedInterfaceOrientations_iPhone = "UIInterfaceOrientationPortrait UIInterfaceOrientationLandscapeLeft UIInterfaceOrientationLandscapeRight";
				IPHONEOS_DEPLOYMENT_TARGET = 17.4;
				LD_RUNPATH_SEARCH_PATHS = "@executable_path/Frameworks";
				"LD_RUNPATH_SEARCH_PATHS[sdk=macosx*]" = "@executable_path/../Frameworks";
				MACOSX_DEPLOYMENT_TARGET = 14.0;
				MARKETING_VERSION = 1.0;
				PRODUCT_BUNDLE_IDENTIFIER = ai.creativespaces.SlidesCast;
				PRODUCT_NAME = "$(TARGET_NAME)";
				PROVISIONING_PROFILE_SPECIFIER = "";
				SDKROOT = auto;
				SUPPORTED_PLATFORMS = "iphoneos iphonesimulator";
				SUPPORTS_MACCATALYST = NO;
				SWIFT_EMIT_LOC_STRINGS = YES;
				SWIFT_VERSION = 5.0;
				TARGETED_DEVICE_FAMILY = "1,2";
			};
			name = Debug;
		};
		76A99CC32C14BE8B0024C791 /* Release */ = {
			isa = XCBuildConfiguration;
			baseConfigurationReference = 1DD8F543C729351FC427AE88 /* Pods-SlidesCast.release.xcconfig */;
			buildSettings = {
				ASSETCATALOG_COMPILER_APPICON_NAME = AppIcon;
				ASSETCATALOG_COMPILER_GLOBAL_ACCENT_COLOR_NAME = AccentColor;
				CODE_SIGN_ENTITLEMENTS = SlidesCast/Resources/SlidesCast.entitlements;
				CODE_SIGN_IDENTITY = "Apple Development";
				CODE_SIGN_STYLE = Automatic;
				CURRENT_PROJECT_VERSION = 1;
				DEVELOPMENT_ASSET_PATHS = "\"SlidesCast/Resources/Preview Content\"";
				DEVELOPMENT_TEAM = T94353JL44;
				ENABLE_HARDENED_RUNTIME = YES;
				ENABLE_PREVIEWS = YES;
				GENERATE_INFOPLIST_FILE = YES;
				INFOPLIST_FILE = SlidesCast/Info.plist;
				INFOPLIST_KEY_NSPhotoLibraryUsageDescription = "Select Photos to Cast";
				"INFOPLIST_KEY_UIApplicationSceneManifest_Generation[sdk=iphoneos*]" = YES;
				"INFOPLIST_KEY_UIApplicationSceneManifest_Generation[sdk=iphonesimulator*]" = YES;
				"INFOPLIST_KEY_UIApplicationSupportsIndirectInputEvents[sdk=iphoneos*]" = YES;
				"INFOPLIST_KEY_UIApplicationSupportsIndirectInputEvents[sdk=iphonesimulator*]" = YES;
				"INFOPLIST_KEY_UILaunchScreen_Generation[sdk=iphoneos*]" = YES;
				"INFOPLIST_KEY_UILaunchScreen_Generation[sdk=iphonesimulator*]" = YES;
				"INFOPLIST_KEY_UIStatusBarStyle[sdk=iphoneos*]" = UIStatusBarStyleDefault;
				"INFOPLIST_KEY_UIStatusBarStyle[sdk=iphonesimulator*]" = UIStatusBarStyleDefault;
				INFOPLIST_KEY_UISupportedInterfaceOrientations_iPad = "UIInterfaceOrientationPortrait UIInterfaceOrientationPortraitUpsideDown UIInterfaceOrientationLandscapeLeft UIInterfaceOrientationLandscapeRight";
				INFOPLIST_KEY_UISupportedInterfaceOrientations_iPhone = "UIInterfaceOrientationPortrait UIInterfaceOrientationLandscapeLeft UIInterfaceOrientationLandscapeRight";
				IPHONEOS_DEPLOYMENT_TARGET = 17.4;
				LD_RUNPATH_SEARCH_PATHS = "@executable_path/Frameworks";
				"LD_RUNPATH_SEARCH_PATHS[sdk=macosx*]" = "@executable_path/../Frameworks";
				MACOSX_DEPLOYMENT_TARGET = 14.0;
				MARKETING_VERSION = 1.0;
				PRODUCT_BUNDLE_IDENTIFIER = ai.creativespaces.SlidesCast;
				PRODUCT_NAME = "$(TARGET_NAME)";
				PROVISIONING_PROFILE_SPECIFIER = "";
				SDKROOT = auto;
				SUPPORTED_PLATFORMS = "iphoneos iphonesimulator";
				SUPPORTS_MACCATALYST = NO;
				SWIFT_EMIT_LOC_STRINGS = YES;
				SWIFT_VERSION = 5.0;
				TARGETED_DEVICE_FAMILY = "1,2";
			};
			name = Release;
		};
		76A99CC52C14BE8B0024C791 /* Debug */ = {
			isa = XCBuildConfiguration;
			baseConfigurationReference = 9E00F761D7FDD136D6EDDD26 /* Pods-SlidesCastTests.debug.xcconfig */;
			buildSettings = {
				ALWAYS_EMBED_SWIFT_STANDARD_LIBRARIES = YES;
				BUNDLE_LOADER = "$(TEST_HOST)";
				CODE_SIGN_STYLE = Automatic;
				CURRENT_PROJECT_VERSION = 1;
				DEVELOPMENT_TEAM = T94353JL44;
				GENERATE_INFOPLIST_FILE = YES;
				IPHONEOS_DEPLOYMENT_TARGET = 17.4;
				MACOSX_DEPLOYMENT_TARGET = 14.4;
				MARKETING_VERSION = 1.0;
				PRODUCT_BUNDLE_IDENTIFIER = ai.creativespaces.SlidesCastTests;
				PRODUCT_NAME = "$(TARGET_NAME)";
				SDKROOT = auto;
				SUPPORTED_PLATFORMS = "iphoneos iphonesimulator macosx";
				SWIFT_EMIT_LOC_STRINGS = NO;
				SWIFT_VERSION = 5.0;
				TARGETED_DEVICE_FAMILY = "1,2";
				TEST_HOST = "$(BUILT_PRODUCTS_DIR)/SlidesCast.app/$(BUNDLE_EXECUTABLE_FOLDER_PATH)/SlidesCast";
			};
			name = Debug;
		};
		76A99CC62C14BE8B0024C791 /* Release */ = {
			isa = XCBuildConfiguration;
			baseConfigurationReference = 2A73CCF02773FEDA355CAC06 /* Pods-SlidesCastTests.release.xcconfig */;
			buildSettings = {
				ALWAYS_EMBED_SWIFT_STANDARD_LIBRARIES = YES;
				BUNDLE_LOADER = "$(TEST_HOST)";
				CODE_SIGN_STYLE = Automatic;
				CURRENT_PROJECT_VERSION = 1;
				DEVELOPMENT_TEAM = T94353JL44;
				GENERATE_INFOPLIST_FILE = YES;
				IPHONEOS_DEPLOYMENT_TARGET = 17.4;
				MACOSX_DEPLOYMENT_TARGET = 14.4;
				MARKETING_VERSION = 1.0;
				PRODUCT_BUNDLE_IDENTIFIER = ai.creativespaces.SlidesCastTests;
				PRODUCT_NAME = "$(TARGET_NAME)";
				SDKROOT = auto;
				SUPPORTED_PLATFORMS = "iphoneos iphonesimulator macosx";
				SWIFT_EMIT_LOC_STRINGS = NO;
				SWIFT_VERSION = 5.0;
				TARGETED_DEVICE_FAMILY = "1,2";
				TEST_HOST = "$(BUILT_PRODUCTS_DIR)/SlidesCast.app/$(BUNDLE_EXECUTABLE_FOLDER_PATH)/SlidesCast";
			};
			name = Release;
		};
		76A99CC82C14BE8B0024C791 /* Debug */ = {
			isa = XCBuildConfiguration;
			baseConfigurationReference = C74927B93939E3C936E8FE49 /* Pods-SlidesCast-SlidesCastUITests.debug.xcconfig */;
			buildSettings = {
				ALWAYS_EMBED_SWIFT_STANDARD_LIBRARIES = YES;
				CODE_SIGN_STYLE = Automatic;
				CURRENT_PROJECT_VERSION = 1;
				DEVELOPMENT_TEAM = T94353JL44;
				GENERATE_INFOPLIST_FILE = YES;
				IPHONEOS_DEPLOYMENT_TARGET = 17.4;
				MACOSX_DEPLOYMENT_TARGET = 14.4;
				MARKETING_VERSION = 1.0;
				PRODUCT_BUNDLE_IDENTIFIER = ai.creativespaces.SlidesCastUITests;
				PRODUCT_NAME = "$(TARGET_NAME)";
				SDKROOT = auto;
				SUPPORTED_PLATFORMS = "iphoneos iphonesimulator macosx";
				SWIFT_EMIT_LOC_STRINGS = NO;
				SWIFT_VERSION = 5.0;
				TARGETED_DEVICE_FAMILY = "1,2";
				TEST_TARGET_NAME = SlideCast;
			};
			name = Debug;
		};
		76A99CC92C14BE8B0024C791 /* Release */ = {
			isa = XCBuildConfiguration;
			baseConfigurationReference = DAFA9E385AB68900A75452DE /* Pods-SlidesCast-SlidesCastUITests.release.xcconfig */;
			buildSettings = {
				ALWAYS_EMBED_SWIFT_STANDARD_LIBRARIES = YES;
				CODE_SIGN_STYLE = Automatic;
				CURRENT_PROJECT_VERSION = 1;
				DEVELOPMENT_TEAM = T94353JL44;
				GENERATE_INFOPLIST_FILE = YES;
				IPHONEOS_DEPLOYMENT_TARGET = 17.4;
				MACOSX_DEPLOYMENT_TARGET = 14.4;
				MARKETING_VERSION = 1.0;
				PRODUCT_BUNDLE_IDENTIFIER = ai.creativespaces.SlidesCastUITests;
				PRODUCT_NAME = "$(TARGET_NAME)";
				SDKROOT = auto;
				SUPPORTED_PLATFORMS = "iphoneos iphonesimulator macosx";
				SWIFT_EMIT_LOC_STRINGS = NO;
				SWIFT_VERSION = 5.0;
				TARGETED_DEVICE_FAMILY = "1,2";
				TEST_TARGET_NAME = SlideCast;
			};
			name = Release;
		};
/* End XCBuildConfiguration section */

/* Begin XCConfigurationList section */
		76A99C952C14BE870024C791 /* Build configuration list for PBXProject "SlidesCast" */ = {
			isa = XCConfigurationList;
			buildConfigurations = (
				76A99CBF2C14BE8B0024C791 /* Debug */,
				76A99CC02C14BE8B0024C791 /* Release */,
			);
			defaultConfigurationIsVisible = 0;
			defaultConfigurationName = Release;
		};
		76A99CC12C14BE8B0024C791 /* Build configuration list for PBXNativeTarget "SlidesCast" */ = {
			isa = XCConfigurationList;
			buildConfigurations = (
				76A99CC22C14BE8B0024C791 /* Debug */,
				76A99CC32C14BE8B0024C791 /* Release */,
			);
			defaultConfigurationIsVisible = 0;
			defaultConfigurationName = Release;
		};
		76A99CC42C14BE8B0024C791 /* Build configuration list for PBXNativeTarget "SlidesCastTests" */ = {
			isa = XCConfigurationList;
			buildConfigurations = (
				76A99CC52C14BE8B0024C791 /* Debug */,
				76A99CC62C14BE8B0024C791 /* Release */,
			);
			defaultConfigurationIsVisible = 0;
			defaultConfigurationName = Release;
		};
		76A99CC72C14BE8B0024C791 /* Build configuration list for PBXNativeTarget "SlidesCastUITests" */ = {
			isa = XCConfigurationList;
			buildConfigurations = (
				76A99CC82C14BE8B0024C791 /* Debug */,
				76A99CC92C14BE8B0024C791 /* Release */,
			);
			defaultConfigurationIsVisible = 0;
			defaultConfigurationName = Release;
		};
/* End XCConfigurationList section */

/* Begin XCRemoteSwiftPackageReference section */
		7624676A2D10B68F00E531BD /* XCRemoteSwiftPackageReference "GCDWebServer" */ = {
			isa = XCRemoteSwiftPackageReference;
			repositoryURL = "https://github.com/yene/GCDWebServer";
			requirement = {
				kind = upToNextMajorVersion;
				minimumVersion = 3.5.7;
			};
		};
/* End XCRemoteSwiftPackageReference section */

/* Begin XCSwiftPackageProductDependency section */
		7624676B2D10B68F00E531BD /* GCDWebServer */ = {
			isa = XCSwiftPackageProductDependency;
			package = 7624676A2D10B68F00E531BD /* XCRemoteSwiftPackageReference "GCDWebServer" */;
			productName = GCDWebServer;
		};
/* End XCSwiftPackageProductDependency section */
	};
	rootObject = 76A99C922C14BE870024C791 /* Project object */;
}
